
Microsoft Visual Studio Solution File, Format Version 12.00
# Visual Studio Version 17
VisualStudioVersion = 17.4.33205.214
MinimumVisualStudioVersion = 10.0.40219.1
Project("{FAE04EC0-301F-11D3-BF4B-00C04F79EFBC}") = "MarcosPildora", "MarcosPildora\MarcosPildora.csproj", "{C43FB806-6C9D-4B9D-AB41-8B9E18BE3F39}"
EndProject
Project("{FAE04EC0-301F-11D3-BF4B-00C04F79EFBC}") = "UnitTest", "UnitTest\UnitTest.csproj", "{77ABDAB0-D4F1-4895-B350-680CA094C958}"
EndProject
Global
	GlobalSection(SolutionConfigurationPlatforms) = preSolution
		Debug|Any CPU = Debug|Any CPU
		Release|Any CPU = Release|Any CPU
	EndGlobalSection
	GlobalSection(ProjectConfigurationPlatforms) = postSolution
		{C43FB806-6C9D-4B9D-AB41-8B9E18BE3F39}.Debug|Any CPU.ActiveCfg = Debug|Any CPU
		{C43FB806-6C9D-4B9D-AB41-8B9E18BE3F39}.Debug|Any CPU.Build.0 = Debug|Any CPU
		{C43FB806-6C9D-4B9D-AB41-8B9E18BE3F39}.Release|Any CPU.ActiveCfg = Release|Any CPU
		{C43FB806-6C9D-4B9D-AB41-8B9E18BE3F39}.Release|Any CPU.Build.0 = Release|Any CPU
		{77ABDAB0-D4F1-4895-B350-680CA094C958}.Debug|Any CPU.ActiveCfg = Debug|Any CPU
		{77ABDAB0-D4F1-4895-B350-680CA094C958}.Debug|Any CPU.Build.0 = Debug|Any CPU
		{77ABDAB0-D4F1-4895-B350-680CA094C958}.Release|Any CPU.ActiveCfg = Release|Any CPU
		{77ABDAB0-D4F1-4895-B350-680CA094C958}.Release|Any CPU.Build.0 = Release|Any CPU
	EndGlobalSection
	GlobalSection(SolutionProperties) = preSolution
		HideSolutionNode = FALSE
	EndGlobalSection
	GlobalSection(ExtensibilityGlobals) = postSolution
		SolutionGuid = {5AB745D3-877E-41ED-B5E9-F0D78B6BFF21}
	EndGlobalSection
EndGlobal
